{
  "name": "@sleeksyntax/v-bump",
  "version": "1.0.4",
  "lockfileVersion": 3,
  "requires": true,
  "packages": {
    "": {
      "name": "@sleeksyntax/v-bump",
      "version": "1.0.4",
      "license": "ISC",
      "dependencies": {
        "@sleeksyntax/v-bump": "^1.0.2"
      },
      "bin": {
        "v-bump": "bin/index.sh"
      }
    },
    "node_modules/@sleeksyntax/v-bump": {
      "version": "1.0.2",
      "resolved": "https://registry.npmjs.org/@sleeksyntax/v-bump/-/v-bump-1.0.2.tgz",
      "integrity": "sha512-TPR29FM0BiPbIsci879iVUkRgUAT2ihmiIOI+r/j8htFfstwSD2NDgbEK7MPRQmBVPn51scHrbpt5aSMGhey0w==",
      "license": "ISC",
      "bin": {
        "v-bump": "bin/index.sh"
      }
    }
  }
}
